github.com/ebitengine/gomobile v0.0.0-20250923094054-ea854a63cce1 h1:+kz5iTT3L7uU+VhlMfTb8hHcxLO3TlaELlX8wa4XjA0=
github.com/ebitengine/gomobile v0.0.0-20250923094054-ea854a63cce1/go.mod h1:lKJoeixeJwnFmYsBny4vvCJGVFc3aYDalhuDsfZzWHI=
github.com/ebitengine/hideconsole v1.0.0 h1:5J4U0kXF+pv/DhiXt5/lTz0eO5ogJ1iXb8Yj1yReDqE=
github.com/ebitengine/hideconsole v1.0.0/go.mod h1:hTTBTvVYWKBuxPr7peweneWdkUwEuHuB3C1R/ielR1A=
github.com/ebitengine/purego v0.10.0-alpha.3 h1:LyGN2dApfJsJejI6X1rzSapoqUKpCU/c2EOQrTa42Us=
github.com/ebitengine/purego v0.10.0-alpha.3/go.mod h1:iIjxzd6CiRiOG0UyXP+V1+jWqUXVjPKLAI0mRfJZTmQ=
github.com/go-text/typesetting v0.3.2 h1:OUOFxp9Rx5PiO0/rh2IY+5gmyXjXsVG8+LfEyk9NMcE=
github.com/go-text/typesetting v0.3.2/go.mod h1:vIRUT25mLQaSh4C8H/lIsKppQz/Gdb8Pu/tNwpi52ts=
github.com/guigui-gui/guigui v0.0.0-20260107182056-b8c07e50576b h1:/v3ZgO0DDQ7eV9TIjzALazR8t95zcs6kbJ76V7XYQco=
github.com/guigui-gui/guigui v0.0.0-20260107182056-b8c07e50576b/go.mod h1:AxxkK0uGZanM5wl3900Mx39Oz+cfc+5NrA05ac+J+Ec=
github.com/hajimehoshi/ebiten/v2 v2.10.0-alpha.8 h1:voS9YEIe+U4NTIw68ARN5eNn/vg7TCwOMj/D5xLTGAE=
github.com/hajimehoshi/ebiten/v2 v2.10.0-alpha.8/go.mod h1:0e8E36zpurToaQ7KPvHyugEhugy6n3Anudlz1cTSIKE=
github.com/hajimehoshi/iro v0.2.0 h1:7RFpvbI9Cvdna445mF4uJGsGSVwnqh1uK/j/GKUfYpY=
github.com/hajimehoshi/iro v0.2.0/go.mod h1:gfbDojwwKcq04DipcwqdW35ooEStXByUF3JanzJG5Ks=
github.com/jeandeaual/go-locale v0.0.0-20250612000132-0ef82f21eade h1:FmusiCI1wHw+XQbvL9M+1r/C3SPqKrmBaIOYwVfQoDE=
github.com/jeandeaual/go-locale v0.0.0-20250612000132-0ef82f21eade/go.mod h1:ZDXo8KHryOWSIqnsb/CiDq7hQUYryCgdVnxbj8tDG7o=
github.com/jessevdk/go-flags v1.4.0/go.mod h1:4FA24M0QyGHXBuZZK/XkWh8h0e1EYbRYJSGM75WSRxI=
github.com/jezek/xgb v1.2.0 h1:LzgkD11wOrPnxXEqo588cnjUt4NwMHrFh/tgajo50Q0=
github.com/jezek/xgb v1.2.0/go.mod h1:nrhwO0FX/enq75I7Y7G8iN1ubpSGZEiA3v9e9GyRFlk=
github.com/rivo/uniseg v0.4.7 h1:WUdvkW8uEhrYfLC4ZzdpI2ztxP1I582+49Oc5Mq64VQ=
github.com/rivo/uniseg v0.4.7/go.mod h1:FN3SvrM+Zdj16jyLfmOkMNblXMcoc8DfTHruCPUcx88=
golang.design/x/clipboard v0.7.1 h1:OEG3CmcYRBNnRwpDp7+uWLiZi3hrMRJpE9JkkkYtz2c=
golang.design/x/clipboard v0.7.1/go.mod h1:i5SiIqj0wLFw9P/1D7vfILFK0KHMk7ydE72HRrUIgkg=
golang.org/x/exp/shiny v0.0.0-20251219203646-944ab1f22d93 h1:qODT4Ff4VDX3pRisdTn7PsxmYklbX/6iPIjz3yKB1n8=
golang.org/x/exp/shiny v0.0.0-20251219203646-944ab1f22d93/go.mod h1:QqbL1+y9e9D0Su+B9umI12TlEFXxVNGTpUai4t0pvgI=
golang.org/x/image v0.34.0 h1:33gCkyw9hmwbZJeZkct8XyR11yH889EQt/QH4VmXMn8=
golang.org/x/image v0.34.0/go.mod h1:2RNFBZRB+vnwwFil8GkMdRvrJOFd1AzdZI6vOY+eJVU=
golang.org/x/mobile v0.0.0-20251209145715-2553ed8ce294 h1:Cr6kbEvA6nqvdHynE4CtVKlqpZB9dS1Jva/6IsHA19g=
golang.org/x/mobile v0.0.0-20251209145715-2553ed8ce294/go.mod h1:RdZ+3sb4CVgpCFnzv+I4haEpwqFfsfzlLHs3L7ok+e0=
golang.org/x/sync v0.19.0 h1:vV+1eWNmZ5geRlYjzm2adRgW2/mcpevXNg50YZtPCE4=
golang.org/x/sync v0.19.0/go.mod h1:9KTHXmSnoGruLpwFjVSX0lNNA75CykiMECbovNTZqGI=
golang.org/x/sys v0.40.0 h1:DBZZqJ2Rkml6QMQsZywtnjnnGvHza6BTfYFWY9kjEWQ=
golang.org/x/sys v0.40.0/go.mod h1:OgkHotnGiDImocRcuBABYBEXf8A9a87e/uXjp9XT3ks=
golang.org/x/text v0.32.0 h1:ZD01bjUt1FQ9WJ0ClOL5vxgxOI/sVCNgX1YtKwcY0mU=
golang.org/x/text v0.32.0/go.mod h1:o/rUWzghvpD5TXrTIBuJU77MTaN0ljMWE47kxGJQ7jY=
gopkg.in/check.v1 v0.0.0-20161208181325-20d25e280405/go.mod h1:Co6ibVJAznAaIkqp8huTwlJQCZ016jof/cbN4VW5Yz0=
gopkg.in/yaml.v1 v1.0.0-20140924161607-9f9df34309c0/go.mod h1:WDnlLJ4WF5VGsH/HVa3CI79GS0ol3YnhVnKP89i0kNg=
howett.net/plist v1.0.1 h1:37GdZ8tP09Q35o9ych3ehygcsL+HqKSwzctveSlarvM=
howett.net/plist v1.0.1/go.mod h1:lqaXoTrLY4hg8tnEzNru53gicrbv7rrk+2xJA/7hw9g=
